// !$*UTF8*$!
{
	archiveVersion = 1;
	classes = {
	};
	objectVersion = 46;
	objects = {

/* Begin PBXBuildFile section */
		9ACB0FAC18E34CAF0011F2AE /* main.cpp in Sources */ = {isa = PBXBuildFile; fileRef = 9ACB0FAB18E34CAF0011F2AE /* main.cpp */; };
		9ACB0FAE18E34CAF0011F2AE /* CPlot2D.1 in CopyFiles */ = {isa = PBXBuildFile; fileRef = 9ACB0FAD18E34CAF0011F2AE /* CPlot2D.1 */; };
		9ACB0FBA18E34CFB0011F2AE /* CPlot2D.cpp in Sources */ = {isa = PBXBuildFile; fileRef = 9ACB0FB918E34CFB0011F2AE /* CPlot2D.cpp */; };
/* End PBXBuildFile section */

/* Begin PBXCopyFilesBuildPhase section */
		9ACB0FA518E34CAF0011F2AE /* CopyFiles */ = {
			isa = PBXCopyFilesBuildPhase;
			buildActionMask = 2147483647;
			dstPath = /usr/share/man/man1/;
			dstSubfolderSpec = 0;
			files = (
				9ACB0FAE18E34CAF0011F2AE /* CPlot2D.1 in CopyFiles */,
			);
			runOnlyForDeploymentPostprocessing = 1;
		};
/* End PBXCopyFilesBuildPhase section */

/* Begin PBXFileReference section */
		9ACB0FA718E34CAF0011F2AE /* CPlot2D */ = {isa = PBXFileReference; explicitFileType = "compiled.mach-o.executable"; includeInIndex = 0; path = CPlot2D; sourceTree = BUILT_PRODUCTS_DIR; };
		9ACB0FAB18E34CAF0011F2AE /* main.cpp */ = {isa = PBXFileReference; lastKnownFileType = sourcecode.cpp.cpp; path = main.cpp; sourceTree = "<group>"; };
		9ACB0FAD18E34CAF0011F2AE /* CPlot2D.1 */ = {isa = PBXFileReference; lastKnownFileType = text.man; path = CPlot2D.1; sourceTree = "<group>"; };
		9ACB0FB818E34CFB0011F2AE /* CPlot2D.h */ = {isa = PBXFileReference; fileEncoding = 4; lastKnownFileType = sourcecode.c.h; path = CPlot2D.h; sourceTree = "<group>"; };
		9ACB0FB918E34CFB0011F2AE /* CPlot2D.cpp */ = {isa = PBXFileReference; fileEncoding = 4; lastKnownFileType = sourcecode.cpp.cpp; path = CPlot2D.cpp; sourceTree = "<group>"; };
/* End PBXFileReference section */

/* Begin PBXFrameworksBuildPhase section */
		9ACB0FA418E34CAF0011F2AE /* Frameworks */ = {
			isa = PBXFrameworksBuildPhase;
			buildActionMask = 2147483647;
			files = (
			);
			runOnlyForDeploymentPostprocessing = 0;
		};
/* End PBXFrameworksBuildPhase section */

/* Begin PBXGroup section */
		9ACB0F9C18E34CAF0011F2AE = {
			isa = PBXGroup;
			children = (
				9ACB0FAA18E34CAF0011F2AE /* CPlot2D */,
				9ACB0FA818E34CAF0011F2AE /* Products */,
			);
			sourceTree = "<group>";
		};
		9ACB0FA818E34CAF0011F2AE /* Products */ = {
			isa = PBXGroup;
			children = (
				9ACB0FA718E34CAF0011F2AE /* CPlot2D */,
			);
			name = Products;
			sourceTree = "<group>";
		};
		9ACB0FAA18E34CAF0011F2AE /* CPlot2D */ = {
			isa = PBXGroup;
			children = (
				9ACB0FB818E34CFB0011F2AE /* CPlot2D.h */,
				9ACB0FB918E34CFB0011F2AE /* CPlot2D.cpp */,
				9ACB0FAB18E34CAF0011F2AE /* main.cpp */,
				9ACB0FAD18E34CAF0011F2AE /* CPlot2D.1 */,
			);
			path = CPlot2D;
			sourceTree = "<group>";
		};
/* End PBXGroup section */

/* Begin PBXNativeTarget section */
		9ACB0FA618E34CAF0011F2AE /* CPlot2D */ = {
			isa = PBXNativeTarget;
			buildConfigurationList = 9ACB0FB118E34CAF0011F2AE /* Build configuration list for PBXNativeTarget "CPlot2D" */;
			buildPhases = (
				9ACB0FA318E34CAF0011F2AE /* Sources */,
				9ACB0FA418E34CAF0011F2AE /* Frameworks */,
				9ACB0FA518E34CAF0011F2AE /* CopyFiles */,
			);
			buildRules = (
			);
			dependencies = (
			);
			name = CPlot2D;
			productName = CPlot2D;
			productReference = 9ACB0FA718E34CAF0011F2AE /* CPlot2D */;
			productType = "com.apple.product-type.tool";
		};
/* End PBXNativeTarget section */

/* Begin PBXProject section */
		9ACB0F9E18E34CAF0011F2AE /* Project object */ = {
			isa = PBXProject;
			attributes = {
				LastUpgradeCheck = 0450;
				ORGANIZATIONNAME = AMZs;
			};
			buildConfigurationList = 9ACB0FA118E34CAF0011F2AE /* Build configuration list for PBXProject "CPlot2D" */;
			compatibilityVersion = "Xcode 3.2";
			developmentRegion = English;
			hasScannedForEncodings = 0;
			knownRegions = (
				en,
			);
			mainGroup = 9ACB0F9C18E34CAF0011F2AE;
			productRefGroup = 9ACB0FA818E34CAF0011F2AE /* Products */;
			projectDirPath = "";
			projectRoot = "";
			targets = (
				9ACB0FA618E34CAF0011F2AE /* CPlot2D */,
			);
		};
/* End PBXProject section */

/* Begin PBXSourcesBuildPhase section */
		9ACB0FA318E34CAF0011F2AE /* Sources */ = {
			isa = PBXSourcesBuildPhase;
			buildActionMask = 2147483647;
			files = (
				9ACB0FAC18E34CAF0011F2AE /* main.cpp in Sources */,
				9ACB0FBA18E34CFB0011F2AE /* CPlot2D.cpp in Sources */,
			);
			runOnlyForDeploymentPostprocessing = 0;
		};
/* End PBXSourcesBuildPhase section */

/* Begin XCBuildConfiguration section */
		9ACB0FAF18E34CAF0011F2AE /* Debug */ = {
			isa = XCBuildConfiguration;
			buildSettings = {
				ALWAYS_SEARCH_USER_PATHS = NO;
				ARCHS = "$(ARCHS_STANDARD_64_BIT)";
				CLANG_CXX_LANGUAGE_STANDARD = "gnu++0x";
				CLANG_CXX_LIBRARY = "libc++";
				CLANG_WARN_EMPTY_BODY = YES;
				CLANG_WARN__DUPLICATE_METHOD_MATCH = YES;
				COPY_PHASE_STRIP = NO;
				GCC_C_LANGUAGE_STANDARD = gnu99;
				GCC_DYNAMIC_NO_PIC = NO;
				GCC_ENABLE_OBJC_EXCEPTIONS = YES;
				GCC_OPTIMIZATION_LEVEL = 0;
				GCC_PREPROCESSOR_DEFINITIONS = (
					"DEBUG=1",
					"$(inherited)",
				);
				GCC_SYMBOLS_PRIVATE_EXTERN = NO;
				GCC_WARN_64_TO_32_BIT_CONVERSION = YES;
				GCC_WARN_ABOUT_RETURN_TYPE = YES;
				GCC_WARN_UNINITIALIZED_AUTOS = YES;
				GCC_WARN_UNUSED_VARIABLE = YES;
				MACOSX_DEPLOYMENT_TARGET = 10.8;
				ONLY_ACTIVE_ARCH = YES;
				SDKROOT = macosx;
			};
			name = Debug;
		};
		9ACB0FB018E34CAF0011F2AE /* Release */ = {
			isa = XCBuildConfiguration;
			buildSettings = {
				ALWAYS_SEARCH_USER_PATHS = NO;
				ARCHS = "$(ARCHS_STANDARD_64_BIT)";
				CLANG_CXX_LANGUAGE_STANDARD = "gnu++0x";
				CLANG_CXX_LIBRARY = "libc++";
				CLANG_WARN_EMPTY_BODY = YES;
				CLANG_WARN__DUPLICATE_METHOD_MATCH = YES;
				COPY_PHASE_STRIP = YES;
				DEBUG_INFORMATION_FORMAT = "dwarf-with-dsym";
				GCC_C_LANGUAGE_STANDARD = gnu99;
				GCC_ENABLE_OBJC_EXCEPTIONS = YES;
				GCC_WARN_64_TO_32_BIT_CONVERSION = YES;
				GCC_WARN_ABOUT_RETURN_TYPE = YES;
				GCC_WARN_UNINITIALIZED_AUTOS = YES;
				GCC_WARN_UNUSED_VARIABLE = YES;
				MACOSX_DEPLOYMENT_TARGET = 10.8;
				SDKROOT = macosx;
			};
			name = Release;
		};
		9ACB0FB218E34CAF0011F2AE /* Debug */ = {
			isa = XCBuildConfiguration;
			buildSettings = {
				PRODUCT_NAME = "$(TARGET_NAME)";
			};
			name = Debug;
		};
		9ACB0FB318E34CAF0011F2AE /* Release */ = {
			isa = XCBuildConfiguration;
			buildSettings = {
				PRODUCT_NAME = "$(TARGET_NAME)";
			};
			name = Release;
		};
/* End XCBuildConfiguration section */

/* Begin XCConfigurationList section */
		9ACB0FA118E34CAF0011F2AE /* Build configuration list for PBXProject "CPlot2D" */ = {
			isa = XCConfigurationList;
			buildConfigurations = (
				9ACB0FAF18E34CAF0011F2AE /* Debug */,
				9ACB0FB018E34CAF0011F2AE /* Release */,
			);
			defaultConfigurationIsVisible = 0;
			defaultConfigurationName = Release;
		};
		9ACB0FB118E34CAF0011F2AE /* Build configuration list for PBXNativeTarget "CPlot2D" */ = {
			isa = XCConfigurationList;
			buildConfigurations = (
				9ACB0FB218E34CAF0011F2AE /* Debug */,
				9ACB0FB318E34CAF0011F2AE /* Release */,
			);
			defaultConfigurationIsVisible = 0;
		};
/* End XCConfigurationList section */
	};
	rootObject = 9ACB0F9E18E34CAF0011F2AE /* Project object */;
}
